
Microsoft Visual Studio Solution File, Format Version 12.00
# Visual Studio Version 17
VisualStudioVersion = 17.13.35913.81 d17.13
MinimumVisualStudioVersion = 10.0.40219.1
Project("{FAE04EC0-301F-11D3-BF4B-00C04F79EFBC}") = "BG3MagicRework", "BG3MagicRework.csproj", "{8004A969-D68C-E312-8715-EECB28CC9E47}"
EndProject
Global
	GlobalSection(SolutionConfigurationPlatforms) = preSolution
		Debug|Any CPU = Debug|Any CPU
		Release|Any CPU = Release|Any CPU
	EndGlobalSection
	GlobalSection(ProjectConfigurationPlatforms) = postSolution
		{8004A969-D68C-E312-8715-EECB28CC9E47}.Debug|Any CPU.ActiveCfg = Debug|Any CPU
		{8004A969-D68C-E312-8715-EECB28CC9E47}.Debug|Any CPU.Build.0 = Debug|Any CPU
		{8004A969-D68C-E312-8715-EECB28CC9E47}.Release|Any CPU.ActiveCfg = Release|Any CPU
		{8004A969-D68C-E312-8715-EECB28CC9E47}.Release|Any CPU.Build.0 = Release|Any CPU
	EndGlobalSection
	GlobalSection(SolutionProperties) = preSolution
		HideSolutionNode = FALSE
	EndGlobalSection
	GlobalSection(ExtensibilityGlobals) = postSolution
		SolutionGuid = {0E33457C-6D82-4F41-8CFE-DC5935188E8E}
	EndGlobalSection
EndGlobal
